
Microsoft Visual Studio Solution File, Format Version 12.00
# Visual Studio Version 16
VisualStudioVersion = 16.0.32929.386
MinimumVisualStudioVersion = 10.0.40219.1
Project("{FAE04EC0-301F-11D3-BF4B-00C04F79EFBC}") = "Main", "Media Marker\Main.csproj", "{C754EE9F-4CD7-45CA-B8A7-5831F7C4CCF2}"
EndProject
Project("{FAE04EC0-301F-11D3-BF4B-00C04F79EFBC}") = "New Media Forms", "New Media Forms\New Media Forms.csproj", "{F63BDDC9-069F-4BFE-A980-155EABD5D10F}"
EndProject
Project("{FAE04EC0-301F-11D3-BF4B-00C04F79EFBC}") = "Media Search Result Forms", "Media Search Result Forms\Media Search Result Forms.csproj", "{11D23F53-13F3-4AA0-8C7B-BC5AF8CAB5C7}"
EndProject
Project("{FAE04EC0-301F-11D3-BF4B-00C04F79EFBC}") = "Media Types", "Media Types\Media Types.csproj", "{80F0B906-B6D2-47A6-B6F4-C7B07E774B6E}"
EndProject
Project("{FAE04EC0-301F-11D3-BF4B-00C04F79EFBC}") = "MySql Helper", "MySql Helper\MySql Helper.csproj", "{7EDD91A7-7AE5-45C9-B662-11790209B24A}"
EndProject
Project("{FAE04EC0-301F-11D3-BF4B-00C04F79EFBC}") = "Media Edit Forms", "Media Edit Forms\Media Edit Forms.csproj", "{8A4D42B1-A0A2-41D9-B65E-C038740AC238}"
EndProject
Global
	GlobalSection(SolutionConfigurationPlatforms) = preSolution
		Debug|Any CPU = Debug|Any CPU
		Release|Any CPU = Release|Any CPU
	EndGlobalSection
	GlobalSection(ProjectConfigurationPlatforms) = postSolution
		{C754EE9F-4CD7-45CA-B8A7-5831F7C4CCF2}.Debug|Any CPU.ActiveCfg = Debug|Any CPU
		{C754EE9F-4CD7-45CA-B8A7-5831F7C4CCF2}.Debug|Any CPU.Build.0 = Debug|Any CPU
		{C754EE9F-4CD7-45CA-B8A7-5831F7C4CCF2}.Release|Any CPU.ActiveCfg = Release|Any CPU
		{C754EE9F-4CD7-45CA-B8A7-5831F7C4CCF2}.Release|Any CPU.Build.0 = Release|Any CPU
		{F63BDDC9-069F-4BFE-A980-155EABD5D10F}.Debug|Any CPU.ActiveCfg = Debug|Any CPU
		{F63BDDC9-069F-4BFE-A980-155EABD5D10F}.Debug|Any CPU.Build.0 = Debug|Any CPU
		{F63BDDC9-069F-4BFE-A980-155EABD5D10F}.Release|Any CPU.ActiveCfg = Release|Any CPU
		{F63BDDC9-069F-4BFE-A980-155EABD5D10F}.Release|Any CPU.Build.0 = Release|Any CPU
		{11D23F53-13F3-4AA0-8C7B-BC5AF8CAB5C7}.Debug|Any CPU.ActiveCfg = Debug|Any CPU
		{11D23F53-13F3-4AA0-8C7B-BC5AF8CAB5C7}.Debug|Any CPU.Build.0 = Debug|Any CPU
		{11D23F53-13F3-4AA0-8C7B-BC5AF8CAB5C7}.Release|Any CPU.ActiveCfg = Release|Any CPU
		{11D23F53-13F3-4AA0-8C7B-BC5AF8CAB5C7}.Release|Any CPU.Build.0 = Release|Any CPU
		{80F0B906-B6D2-47A6-B6F4-C7B07E774B6E}.Debug|Any CPU.ActiveCfg = Debug|Any CPU
		{80F0B906-B6D2-47A6-B6F4-C7B07E774B6E}.Debug|Any CPU.Build.0 = Debug|Any CPU
		{80F0B906-B6D2-47A6-B6F4-C7B07E774B6E}.Release|Any CPU.ActiveCfg = Release|Any CPU
		{80F0B906-B6D2-47A6-B6F4-C7B07E774B6E}.Release|Any CPU.Build.0 = Release|Any CPU
		{7EDD91A7-7AE5-45C9-B662-11790209B24A}.Debug|Any CPU.ActiveCfg = Debug|Any CPU
		{7EDD91A7-7AE5-45C9-B662-11790209B24A}.Debug|Any CPU.Build.0 = Debug|Any CPU
		{7EDD91A7-7AE5-45C9-B662-11790209B24A}.Release|Any CPU.ActiveCfg = Release|Any CPU
		{7EDD91A7-7AE5-45C9-B662-11790209B24A}.Release|Any CPU.Build.0 = Release|Any CPU
		{8A4D42B1-A0A2-41D9-B65E-C038740AC238}.Debug|Any CPU.ActiveCfg = Debug|Any CPU
		{8A4D42B1-A0A2-41D9-B65E-C038740AC238}.Debug|Any CPU.Build.0 = Debug|Any CPU
		{8A4D42B1-A0A2-41D9-B65E-C038740AC238}.Release|Any CPU.ActiveCfg = Release|Any CPU
		{8A4D42B1-A0A2-41D9-B65E-C038740AC238}.Release|Any CPU.Build.0 = Release|Any CPU
	EndGlobalSection
	GlobalSection(SolutionProperties) = preSolution
		HideSolutionNode = FALSE
	EndGlobalSection
	GlobalSection(ExtensibilityGlobals) = postSolution
		SolutionGuid = {02139917-4525-4492-A6A8-351D8F8C373D}
	EndGlobalSection
EndGlobal
