
Microsoft Visual Studio Solution File, Format Version 12.00
# Visual Studio Version 16
VisualStudioVersion = 16.0.32929.386
MinimumVisualStudioVersion = 10.0.40219.1
Project("{FAE04EC0-301F-11D3-BF4B-00C04F79EFBC}") = "Media Marker", "Media Marker\Media Marker.csproj", "{C754EE9F-4CD7-45CA-B8A7-5831F7C4CCF2}"
EndProject
Global
	GlobalSection(SolutionConfigurationPlatforms) = preSolution
		Debug|Any CPU = Debug|Any CPU
		Release|Any CPU = Release|Any CPU
	EndGlobalSection
	GlobalSection(ProjectConfigurationPlatforms) = postSolution
		{C754EE9F-4CD7-45CA-B8A7-5831F7C4CCF2}.Debug|Any CPU.ActiveCfg = Debug|Any CPU
		{C754EE9F-4CD7-45CA-B8A7-5831F7C4CCF2}.Debug|Any CPU.Build.0 = Debug|Any CPU
		{C754EE9F-4CD7-45CA-B8A7-5831F7C4CCF2}.Release|Any CPU.ActiveCfg = Release|Any CPU
		{C754EE9F-4CD7-45CA-B8A7-5831F7C4CCF2}.Release|Any CPU.Build.0 = Release|Any CPU
	EndGlobalSection
	GlobalSection(SolutionProperties) = preSolution
		HideSolutionNode = FALSE
	EndGlobalSection
	GlobalSection(ExtensibilityGlobals) = postSolution
		SolutionGuid = {02139917-4525-4492-A6A8-351D8F8C373D}
	EndGlobalSection
EndGlobal
